
Microsoft Visual Studio Solution File, Format Version 12.00
# Visual Studio Version 17
VisualStudioVersion = 17.7.34031.279
MinimumVisualStudioVersion = 10.0.40219.1
Project("{8BC9CEB8-8B4A-11D0-8D11-00A0C91BC942}") = "PR5.3", "PR5.3\PR5.3.vcxproj", "{FE8762A9-D8E2-4A94-8929-C00BD90628BE}"
EndProject
Project("{8BC9CEB8-8B4A-11D0-8D11-00A0C91BC942}") = "UnitTest5.3", "UnitTest5.3\UnitTest5.3.vcxproj", "{0AF8E1C5-4ED2-4547-A0F5-FBD32008C042}"
EndProject
Global
	GlobalSection(SolutionConfigurationPlatforms) = preSolution
		Debug|x64 = Debug|x64
		Debug|x86 = Debug|x86
		Release|x64 = Release|x64
		Release|x86 = Release|x86
	EndGlobalSection
	GlobalSection(ProjectConfigurationPlatforms) = postSolution
		{FE8762A9-D8E2-4A94-8929-C00BD90628BE}.Debug|x64.ActiveCfg = Debug|x64
		{FE8762A9-D8E2-4A94-8929-C00BD90628BE}.Debug|x64.Build.0 = Debug|x64
		{FE8762A9-D8E2-4A94-8929-C00BD90628BE}.Debug|x86.ActiveCfg = Debug|Win32
		{FE8762A9-D8E2-4A94-8929-C00BD90628BE}.Debug|x86.Build.0 = Debug|Win32
		{FE8762A9-D8E2-4A94-8929-C00BD90628BE}.Release|x64.ActiveCfg = Release|x64
		{FE8762A9-D8E2-4A94-8929-C00BD90628BE}.Release|x64.Build.0 = Release|x64
		{FE8762A9-D8E2-4A94-8929-C00BD90628BE}.Release|x86.ActiveCfg = Release|Win32
		{FE8762A9-D8E2-4A94-8929-C00BD90628BE}.Release|x86.Build.0 = Release|Win32
		{0AF8E1C5-4ED2-4547-A0F5-FBD32008C042}.Debug|x64.ActiveCfg = Debug|x64
		{0AF8E1C5-4ED2-4547-A0F5-FBD32008C042}.Debug|x64.Build.0 = Debug|x64
		{0AF8E1C5-4ED2-4547-A0F5-FBD32008C042}.Debug|x86.ActiveCfg = Debug|Win32
		{0AF8E1C5-4ED2-4547-A0F5-FBD32008C042}.Debug|x86.Build.0 = Debug|Win32
		{0AF8E1C5-4ED2-4547-A0F5-FBD32008C042}.Release|x64.ActiveCfg = Release|x64
		{0AF8E1C5-4ED2-4547-A0F5-FBD32008C042}.Release|x64.Build.0 = Release|x64
		{0AF8E1C5-4ED2-4547-A0F5-FBD32008C042}.Release|x86.ActiveCfg = Release|Win32
		{0AF8E1C5-4ED2-4547-A0F5-FBD32008C042}.Release|x86.Build.0 = Release|Win32
	EndGlobalSection
	GlobalSection(SolutionProperties) = preSolution
		HideSolutionNode = FALSE
	EndGlobalSection
	GlobalSection(ExtensibilityGlobals) = postSolution
		SolutionGuid = {48C98D92-EE6C-468B-98AD-9220B80C5D7B}
	EndGlobalSection
EndGlobal
